{
  "requires": true,
  "lockfileVersion": 1,
  "dependencies": {
    "vue-simple-password-meter": {
      "version": "0.0.24",
      "resolved": "https://registry.npmjs.org/vue-simple-password-meter/-/vue-simple-password-meter-0.0.24.tgz",
      "integrity": "sha512-eMYD5OFeZHrAPv0M1M22J8im7bXZM1RTM8fpgh6dWH672uPfQSLF1x5z0ew32Qfq147VDjDKL+WbXWzYyDBpdw=="
    }
  }
}
